
Microsoft Visual Studio Solution File, Format Version 12.00
# Visual Studio Version 17
VisualStudioVersion = 17.5.33516.290
MinimumVisualStudioVersion = 10.0.40219.1
Project("{FAE04EC0-301F-11D3-BF4B-00C04F79EFBC}") = "Wuzzuf", "Wuzzuf\Wuzzuf.csproj", "{02E6B178-08BF-42AB-803B-A3FA2D102FAE}"
EndProject
Global
	GlobalSection(SolutionConfigurationPlatforms) = preSolution
		Debug|Any CPU = Debug|Any CPU
		Release|Any CPU = Release|Any CPU
	EndGlobalSection
	GlobalSection(ProjectConfigurationPlatforms) = postSolution
		{02E6B178-08BF-42AB-803B-A3FA2D102FAE}.Debug|Any CPU.ActiveCfg = Debug|Any CPU
		{02E6B178-08BF-42AB-803B-A3FA2D102FAE}.Debug|Any CPU.Build.0 = Debug|Any CPU
		{02E6B178-08BF-42AB-803B-A3FA2D102FAE}.Release|Any CPU.ActiveCfg = Release|Any CPU
		{02E6B178-08BF-42AB-803B-A3FA2D102FAE}.Release|Any CPU.Build.0 = Release|Any CPU
	EndGlobalSection
	GlobalSection(SolutionProperties) = preSolution
		HideSolutionNode = FALSE
	EndGlobalSection
	GlobalSection(ExtensibilityGlobals) = postSolution
		SolutionGuid = {960A8C30-F6BC-4607-9040-CCA5F48C3ECC}
	EndGlobalSection
EndGlobal
